
Microsoft Visual Studio Solution File, Format Version 12.00
# Visual Studio Version 16
VisualStudioVersion = 16.0.28803.156
MinimumVisualStudioVersion = 10.0.40219.1
Project("{FAE04EC0-301F-11D3-BF4B-00C04F79EFBC}") = "HelloForms.Android", "HelloForms\HelloForms.Android\HelloForms.Android.csproj", "{29416CCF-3ECC-4043-B77E-E28190F67E3B}"
EndProject
Project("{FAE04EC0-301F-11D3-BF4B-00C04F79EFBC}") = "HelloForms", "HelloForms\HelloForms\HelloForms.csproj", "{3394C2E1-1BD9-471B-A13F-FD38B3634B54}"
EndProject
Global
	GlobalSection(SolutionConfigurationPlatforms) = preSolution
		Debug|Any CPU = Debug|Any CPU
		Release|Any CPU = Release|Any CPU
	EndGlobalSection
	GlobalSection(ProjectConfigurationPlatforms) = postSolution
		{29416CCF-3ECC-4043-B77E-E28190F67E3B}.Debug|Any CPU.ActiveCfg = Debug|Any CPU
		{29416CCF-3ECC-4043-B77E-E28190F67E3B}.Debug|Any CPU.Build.0 = Debug|Any CPU
		{29416CCF-3ECC-4043-B77E-E28190F67E3B}.Debug|Any CPU.Deploy.0 = Debug|Any CPU
		{29416CCF-3ECC-4043-B77E-E28190F67E3B}.Release|Any CPU.ActiveCfg = Release|Any CPU
		{29416CCF-3ECC-4043-B77E-E28190F67E3B}.Release|Any CPU.Build.0 = Release|Any CPU
		{29416CCF-3ECC-4043-B77E-E28190F67E3B}.Release|Any CPU.Deploy.0 = Release|Any CPU
		{3394C2E1-1BD9-471B-A13F-FD38B3634B54}.Debug|Any CPU.ActiveCfg = Debug|Any CPU
		{3394C2E1-1BD9-471B-A13F-FD38B3634B54}.Debug|Any CPU.Build.0 = Debug|Any CPU
		{3394C2E1-1BD9-471B-A13F-FD38B3634B54}.Debug|Any CPU.Deploy.0 = Debug|Any CPU
		{3394C2E1-1BD9-471B-A13F-FD38B3634B54}.Release|Any CPU.ActiveCfg = Release|Any CPU
		{3394C2E1-1BD9-471B-A13F-FD38B3634B54}.Release|Any CPU.Build.0 = Release|Any CPU
		{3394C2E1-1BD9-471B-A13F-FD38B3634B54}.Release|Any CPU.Deploy.0 = Release|Any CPU
	EndGlobalSection
	GlobalSection(SolutionProperties) = preSolution
		HideSolutionNode = FALSE
	EndGlobalSection
	GlobalSection(ExtensibilityGlobals) = postSolution
		SolutionGuid = {8A457C68-5C1A-4EB8-A70C-A33B81D36620}
	EndGlobalSection
EndGlobal
